
Microsoft Visual Studio Solution File, Format Version 12.00
# Visual Studio 15
VisualStudioVersion = 15.0.28307.421
MinimumVisualStudioVersion = 10.0.40219.1
Project("{FAE04EC0-301F-11D3-BF4B-00C04F79EFBC}") = "MILonCSSample", "MILonCSSample\MILonCSSample.csproj", "{D62AFEE3-AF04-4B99-93BC-B605A6835D4F}"
EndProject
Project("{FAE04EC0-301F-11D3-BF4B-00C04F79EFBC}") = "MatroxCS", "MatroxCS\MatroxCS.csproj", "{E7E22351-AD80-41AA-8FC8-15D646F97BAD}"
EndProject
Global
	GlobalSection(SolutionConfigurationPlatforms) = preSolution
		Debug|Any CPU = Debug|Any CPU
		Debug|x64 = Debug|x64
		Release|Any CPU = Release|Any CPU
		Release|x64 = Release|x64
	EndGlobalSection
	GlobalSection(ProjectConfigurationPlatforms) = postSolution
		{D62AFEE3-AF04-4B99-93BC-B605A6835D4F}.Debug|Any CPU.ActiveCfg = Debug|Any CPU
		{D62AFEE3-AF04-4B99-93BC-B605A6835D4F}.Debug|Any CPU.Build.0 = Debug|Any CPU
		{D62AFEE3-AF04-4B99-93BC-B605A6835D4F}.Debug|x64.ActiveCfg = Debug|x64
		{D62AFEE3-AF04-4B99-93BC-B605A6835D4F}.Debug|x64.Build.0 = Debug|x64
		{D62AFEE3-AF04-4B99-93BC-B605A6835D4F}.Release|Any CPU.ActiveCfg = Release|Any CPU
		{D62AFEE3-AF04-4B99-93BC-B605A6835D4F}.Release|Any CPU.Build.0 = Release|Any CPU
		{D62AFEE3-AF04-4B99-93BC-B605A6835D4F}.Release|x64.ActiveCfg = Release|Any CPU
		{D62AFEE3-AF04-4B99-93BC-B605A6835D4F}.Release|x64.Build.0 = Release|Any CPU
		{E7E22351-AD80-41AA-8FC8-15D646F97BAD}.Debug|Any CPU.ActiveCfg = Debug|Any CPU
		{E7E22351-AD80-41AA-8FC8-15D646F97BAD}.Debug|Any CPU.Build.0 = Debug|Any CPU
		{E7E22351-AD80-41AA-8FC8-15D646F97BAD}.Debug|x64.ActiveCfg = Debug|x64
		{E7E22351-AD80-41AA-8FC8-15D646F97BAD}.Debug|x64.Build.0 = Debug|x64
		{E7E22351-AD80-41AA-8FC8-15D646F97BAD}.Release|Any CPU.ActiveCfg = Release|Any CPU
		{E7E22351-AD80-41AA-8FC8-15D646F97BAD}.Release|Any CPU.Build.0 = Release|Any CPU
		{E7E22351-AD80-41AA-8FC8-15D646F97BAD}.Release|x64.ActiveCfg = Release|Any CPU
		{E7E22351-AD80-41AA-8FC8-15D646F97BAD}.Release|x64.Build.0 = Release|Any CPU
	EndGlobalSection
	GlobalSection(SolutionProperties) = preSolution
		HideSolutionNode = FALSE
	EndGlobalSection
	GlobalSection(ExtensibilityGlobals) = postSolution
		SolutionGuid = {8B74BA07-7E22-4A27-B6EC-135FBEF37D6E}
	EndGlobalSection
EndGlobal
